// !$*UTF8*$!
{
	archiveVersion = 1;
	classes = {
	};
	objectVersion = 46;
	objects = {

/* Begin PBXBuildFile section */
		00C302E51ABCBA2D00DB3ED1 /* libRCTActionSheet.a in Frameworks */ = {isa = PBXBuildFile; fileRef = 00C302AC1ABCB8CE00DB3ED1 /* libRCTActionSheet.a */; };
		00C302E71ABCBA2D00DB3ED1 /* libRCTGeolocation.a in Frameworks */ = {isa = PBXBuildFile; fileRef = 00C302BA1ABCB90400DB3ED1 /* libRCTGeolocation.a */; };
		00C302E81ABCBA2D00DB3ED1 /* libRCTImage.a in Frameworks */ = {isa = PBXBuildFile; fileRef = 00C302C01ABCB91800DB3ED1 /* libRCTImage.a */; };
		00C302E91ABCBA2D00DB3ED1 /* libRCTNetwork.a in Frameworks */ = {isa = PBXBuildFile; fileRef = 00C302DC1ABCB9D200DB3ED1 /* libRCTNetwork.a */; };
		00C302EA1ABCBA2D00DB3ED1 /* libRCTVibration.a in Frameworks */ = {isa = PBXBuildFile; fileRef = 00C302E41ABCB9EE00DB3ED1 /* libRCTVibration.a */; };
		00E356F31AD99517003FC87E /* MissilesTests.m in Sources */ = {isa = PBXBuildFile; fileRef = 00E356F21AD99517003FC87E /* MissilesTests.m */; };
		0A1BBE021DDD38E0008571A8 /* libRNDeviceInfo.a in Frameworks */ = {isa = PBXBuildFile; fileRef = 0A1BBE011DDD38D6008571A8 /* libRNDeviceInfo.a */; };
		0A1BBE0C1DDD3A01008571A8 /* Entypo.ttf in Resources */ = {isa = PBXBuildFile; fileRef = 0A1BBE041DDD3A01008571A8 /* Entypo.ttf */; };
		0A1BBE0D1DDD3A01008571A8 /* EvilIcons.ttf in Resources */ = {isa = PBXBuildFile; fileRef = 0A1BBE051DDD3A01008571A8 /* EvilIcons.ttf */; };
		0A1BBE0E1DDD3A01008571A8 /* FontAwesome.ttf in Resources */ = {isa = PBXBuildFile; fileRef = 0A1BBE061DDD3A01008571A8 /* FontAwesome.ttf */; };
		0A1BBE0F1DDD3A01008571A8 /* Foundation.ttf in Resources */ = {isa = PBXBuildFile; fileRef = 0A1BBE071DDD3A01008571A8 /* Foundation.ttf */; };
		0A1BBE101DDD3A01008571A8 /* Ionicons.ttf in Resources */ = {isa = PBXBuildFile; fileRef = 0A1BBE081DDD3A01008571A8 /* Ionicons.ttf */; };
		0A1BBE111DDD3A01008571A8 /* MaterialIcons.ttf in Resources */ = {isa = PBXBuildFile; fileRef = 0A1BBE091DDD3A01008571A8 /* MaterialIcons.ttf */; };
		0A1BBE121DDD3A01008571A8 /* Octicons.ttf in Resources */ = {isa = PBXBuildFile; fileRef = 0A1BBE0A1DDD3A01008571A8 /* Octicons.ttf */; };
		0A1BBE131DDD3A01008571A8 /* Zocial.ttf in Resources */ = {isa = PBXBuildFile; fileRef = 0A1BBE0B1DDD3A01008571A8 /* Zocial.ttf */; };
		0A47A6AE1DD5302D005FF96A /* GoogleService-Info.plist in Resources */ = {isa = PBXBuildFile; fileRef = 0A47A6AD1DD5302D005FF96A /* GoogleService-Info.plist */; };
		0A564D801DC5525A00693572 /* libRNBackgroundFetch.a in Frameworks */ = {isa = PBXBuildFile; fileRef = 0A564D7F1DC5524E00693572 /* libRNBackgroundFetch.a */; };
		0A564D811DC5525D00693572 /* libRNBackgroundGeolocation.a in Frameworks */ = {isa = PBXBuildFile; fileRef = 0A564D761DC5521A00693572 /* libRNBackgroundGeolocation.a */; };
		0A564D831DC5527100693572 /* libsqlite3.tbd in Frameworks */ = {isa = PBXBuildFile; fileRef = 0A564D821DC5527100693572 /* libsqlite3.tbd */; };
		0A564D851DC552B300693572 /* TSLocationManager.framework in Frameworks */ = {isa = PBXBuildFile; fileRef = 0A564D841DC552B300693572 /* TSLocationManager.framework */; };
		0A564D871DC552CA00693572 /* TSBackgroundFetch.framework in Frameworks */ = {isa = PBXBuildFile; fileRef = 0A564D861DC552CA00693572 /* TSBackgroundFetch.framework */; };
		0A564D891DC553E200693572 /* RNBackgroundFetch+AppDelegate.m in Sources */ = {isa = PBXBuildFile; fileRef = 0A564D881DC553E200693572 /* RNBackgroundFetch+AppDelegate.m */; };
		0AD53DF51DB70161008C1447 /* libRNFIRMessaging.a in Frameworks */ = {isa = PBXBuildFile; fileRef = 0AD53DF41DB70156008C1447 /* libRNFIRMessaging.a */; };
		0AFEB6BB1DB6D4840022D460 /* libRCTPushNotification.a in Frameworks */ = {isa = PBXBuildFile; fileRef = 0AFEB6BA1DB6D4770022D460 /* libRCTPushNotification.a */; };
		133E29F31AD74F7200F7D852 /* libRCTLinking.a in Frameworks */ = {isa = PBXBuildFile; fileRef = 78C398B91ACF4ADC00677621 /* libRCTLinking.a */; };
		139105C61AF99C1200B5F7CC /* libRCTSettings.a in Frameworks */ = {isa = PBXBuildFile; fileRef = 139105C11AF99BAD00B5F7CC /* libRCTSettings.a */; };
		139FDEF61B0652A700C62182 /* libRCTWebSocket.a in Frameworks */ = {isa = PBXBuildFile; fileRef = 139FDEF41B06529B00C62182 /* libRCTWebSocket.a */; };
		13B07FBC1A68108700A75B9A /* AppDelegate.m in Sources */ = {isa = PBXBuildFile; fileRef = 13B07FB01A68108700A75B9A /* AppDelegate.m */; };
		13B07FBD1A68108700A75B9A /* LaunchScreen.xib in Resources */ = {isa = PBXBuildFile; fileRef = 13B07FB11A68108700A75B9A /* LaunchScreen.xib */; };
		13B07FBF1A68108700A75B9A /* Images.xcassets in Resources */ = {isa = PBXBuildFile; fileRef = 13B07FB51A68108700A75B9A /* Images.xcassets */; };
		13B07FC11A68108700A75B9A /* main.m in Sources */ = {isa = PBXBuildFile; fileRef = 13B07FB71A68108700A75B9A /* main.m */; };
		140ED2AC1D01E1AD002B40FF /* libReact.a in Frameworks */ = {isa = PBXBuildFile; fileRef = 146834041AC3E56700842450 /* libReact.a */; };
		146834051AC3E58100842450 /* libReact.a in Frameworks */ = {isa = PBXBuildFile; fileRef = 146834041AC3E56700842450 /* libReact.a */; };
		4A57C38268264350AA374EF6 /* libAirMaps.a in Frameworks */ = {isa = PBXBuildFile; fileRef = 61F7D01072794085A82043A7 /* libAirMaps.a */; };
		832341BD1AAA6AB300B99B32 /* libRCTText.a in Frameworks */ = {isa = PBXBuildFile; fileRef = 832341B51AAA6A8300B99B32 /* libRCTText.a */; };
		8D79895C1ECF45D0A0CE3254 /* libReactNativePermissions.a in Frameworks */ = {isa = PBXBuildFile; fileRef = 14FA5D368C414810A849CA75 /* libReactNativePermissions.a */; };
		DA02A75A2BA333A657E144FF /* Pods_Missiles.framework in Frameworks */ = {isa = PBXBuildFile; fileRef = 083A4C2F03804C50798FF3DA /* Pods_Missiles.framework */; };
/* End PBXBuildFile section */

/* Begin PBXContainerItemProxy section */
		00C302AB1ABCB8CE00DB3ED1 /* PBXContainerItemProxy */ = {
			isa = PBXContainerItemProxy;
			containerPortal = 00C302A71ABCB8CE00DB3ED1 /* RCTActionSheet.xcodeproj */;
			proxyType = 2;
			remoteGlobalIDString = 134814201AA4EA6300B7C361;
			remoteInfo = RCTActionSheet;
		};
		00C302B91ABCB90400DB3ED1 /* PBXContainerItemProxy */ = {
			isa = PBXContainerItemProxy;
			containerPortal = 00C302B51ABCB90400DB3ED1 /* RCTGeolocation.xcodeproj */;
			proxyType = 2;
			remoteGlobalIDString = 134814201AA4EA6300B7C361;
			remoteInfo = RCTGeolocation;
		};
		00C302BF1ABCB91800DB3ED1 /* PBXContainerItemProxy */ = {
			isa = PBXContainerItemProxy;
			containerPortal = 00C302BB1ABCB91800DB3ED1 /* RCTImage.xcodeproj */;
			proxyType = 2;
			remoteGlobalIDString = 58B5115D1A9E6B3D00147676;
			remoteInfo = RCTImage;
		};
		00C302DB1ABCB9D200DB3ED1 /* PBXContainerItemProxy */ = {
			isa = PBXContainerItemProxy;
			containerPortal = 00C302D31ABCB9D200DB3ED1 /* RCTNetwork.xcodeproj */;
			proxyType = 2;
			remoteGlobalIDString = 58B511DB1A9E6C8500147676;
			remoteInfo = RCTNetwork;
		};
		00C302E31ABCB9EE00DB3ED1 /* PBXContainerItemProxy */ = {
			isa = PBXContainerItemProxy;
			containerPortal = 00C302DF1ABCB9EE00DB3ED1 /* RCTVibration.xcodeproj */;
			proxyType = 2;
			remoteGlobalIDString = 832C81801AAF6DEF007FA2F7;
			remoteInfo = RCTVibration;
		};
		00E356F41AD99517003FC87E /* PBXContainerItemProxy */ = {
			isa = PBXContainerItemProxy;
			containerPortal = 83CBB9F71A601CBA00E9B192 /* Project object */;
			proxyType = 1;
			remoteGlobalIDString = 13B07F861A680F5B00A75B9A;
			remoteInfo = Missiles;
		};
		0A0FB5251DBBF1DA0047D282 /* PBXContainerItemProxy */ = {
			isa = PBXContainerItemProxy;
			containerPortal = 6F9E5AFE26934406A86302C5 /* AirMaps.xcodeproj */;
			proxyType = 2;
			remoteGlobalIDString = 11FA5C511C4A1296003AC2EE;
			remoteInfo = AirMaps;
		};
		0A1664931DBA908F0050506C /* PBXContainerItemProxy */ = {
			isa = PBXContainerItemProxy;
			containerPortal = EDA37328705A4402BF7B89A5 /* ReactNativePermissions.xcodeproj */;
			proxyType = 2;
			remoteGlobalIDString = 9D23B34F1C767B80008B4819;
			remoteInfo = ReactNativePermissions;
		};
		0A1BBE001DDD38D6008571A8 /* PBXContainerItemProxy */ = {
			isa = PBXContainerItemProxy;
			containerPortal = 0A1BBDFC1DDD38D6008571A8 /* RNDeviceInfo.xcodeproj */;
			proxyType = 2;
			remoteGlobalIDString = DA5891D81BA9A9FC002B4DB2;
			remoteInfo = RNDeviceInfo;
		};
		0A564D751DC5521A00693572 /* PBXContainerItemProxy */ = {
			isa = PBXContainerItemProxy;
			containerPortal = 0A564D701DC5521900693572 /* RNBackgroundGeolocation.xcodeproj */;
			proxyType = 2;
			remoteGlobalIDString = 83FF5F851AFD0D2B0016A13E;
			remoteInfo = RNBackgroundGeolocation;
		};
		0A564D771DC5521A00693572 /* PBXContainerItemProxy */ = {
			isa = PBXContainerItemProxy;
			containerPortal = 0A564D701DC5521900693572 /* RNBackgroundGeolocation.xcodeproj */;
			proxyType = 2;
			remoteGlobalIDString = 83FF5F901AFD0D2B0016A13E;
			remoteInfo = RNBackgroundGeolocationTests;
		};
		0A564D7E1DC5524E00693572 /* PBXContainerItemProxy */ = {
			isa = PBXContainerItemProxy;
			containerPortal = 0A564D791DC5524E00693572 /* RNBackgroundFetch.xcodeproj */;
			proxyType = 2;
			remoteGlobalIDString = 835318541D52293F005738CD;
			remoteInfo = RNBackgroundFetch;
		};
		0AD53DF31DB70156008C1447 /* PBXContainerItemProxy */ = {
			isa = PBXContainerItemProxy;
			containerPortal = 0AD53DE41DB70155008C1447 /* RNFIRMessaging.xcodeproj */;
			proxyType = 2;
			remoteGlobalIDString = 134814201AA4EA6300B7C361;
			remoteInfo = RNFIRMessaging;
		};
		0AFEB6B91DB6D4770022D460 /* PBXContainerItemProxy */ = {
			isa = PBXContainerItemProxy;
			containerPortal = 0AFEB6B51DB6D4770022D460 /* RCTPushNotification.xcodeproj */;
			proxyType = 2;
			remoteGlobalIDString = 134814201AA4EA6300B7C361;
			remoteInfo = RCTPushNotification;
		};
		139105C01AF99BAD00B5F7CC /* PBXContainerItemProxy */ = {
			isa = PBXContainerItemProxy;
			containerPortal = 139105B61AF99BAD00B5F7CC /* RCTSettings.xcodeproj */;
			proxyType = 2;
			remoteGlobalIDString = 134814201AA4EA6300B7C361;
			remoteInfo = RCTSettings;
		};
		139FDEF31B06529B00C62182 /* PBXContainerItemProxy */ = {
			isa = PBXContainerItemProxy;
			containerPortal = 139FDEE61B06529A00C62182 /* RCTWebSocket.xcodeproj */;
			proxyType = 2;
			remoteGlobalIDString = 3C86DF461ADF2C930047B81A;
			remoteInfo = RCTWebSocket;
		};
		146834031AC3E56700842450 /* PBXContainerItemProxy */ = {
			isa = PBXContainerItemProxy;
			containerPortal = 146833FF1AC3E56700842450 /* React.xcodeproj */;
			proxyType = 2;
			remoteGlobalIDString = 83CBBA2E1A601D0E00E9B192;
			remoteInfo = React;
		};
		78C398B81ACF4ADC00677621 /* PBXContainerItemProxy */ = {
			isa = PBXContainerItemProxy;
			containerPortal = 78C398B01ACF4ADC00677621 /* RCTLinking.xcodeproj */;
			proxyType = 2;
			remoteGlobalIDString = 134814201AA4EA6300B7C361;
			remoteInfo = RCTLinking;
		};
		832341B41AAA6A8300B99B32 /* PBXContainerItemProxy */ = {
			isa = PBXContainerItemProxy;
			containerPortal = 832341B01AAA6A8300B99B32 /* RCTText.xcodeproj */;
			proxyType = 2;
			remoteGlobalIDString = 58B5119B1A9E6C1200147676;
			remoteInfo = RCTText;
		};
/* End PBXContainerItemProxy section */

/* Begin PBXFileReference section */
		008F07F21AC5B25A0029DE68 /* main.jsbundle */ = {isa = PBXFileReference; fileEncoding = 4; lastKnownFileType = text; path = main.jsbundle; sourceTree = "<group>"; };
		00C302A71ABCB8CE00DB3ED1 /* RCTActionSheet.xcodeproj */ = {isa = PBXFileReference; lastKnownFileType = "wrapper.pb-project"; name = RCTActionSheet.xcodeproj; path = "../node_modules/react-native/Libraries/ActionSheetIOS/RCTActionSheet.xcodeproj"; sourceTree = "<group>"; };
		00C302B51ABCB90400DB3ED1 /* RCTGeolocation.xcodeproj */ = {isa = PBXFileReference; lastKnownFileType = "wrapper.pb-project"; name = RCTGeolocation.xcodeproj; path = "../node_modules/react-native/Libraries/Geolocation/RCTGeolocation.xcodeproj"; sourceTree = "<group>"; };
		00C302BB1ABCB91800DB3ED1 /* RCTImage.xcodeproj */ = {isa = PBXFileReference; lastKnownFileType = "wrapper.pb-project"; name = RCTImage.xcodeproj; path = "../node_modules/react-native/Libraries/Image/RCTImage.xcodeproj"; sourceTree = "<group>"; };
		00C302D31ABCB9D200DB3ED1 /* RCTNetwork.xcodeproj */ = {isa = PBXFileReference; lastKnownFileType = "wrapper.pb-project"; name = RCTNetwork.xcodeproj; path = "../node_modules/react-native/Libraries/Network/RCTNetwork.xcodeproj"; sourceTree = "<group>"; };
		00C302DF1ABCB9EE00DB3ED1 /* RCTVibration.xcodeproj */ = {isa = PBXFileReference; lastKnownFileType = "wrapper.pb-project"; name = RCTVibration.xcodeproj; path = "../node_modules/react-native/Libraries/Vibration/RCTVibration.xcodeproj"; sourceTree = "<group>"; };
		00E356EE1AD99517003FC87E /* MissilesTests.xctest */ = {isa = PBXFileReference; explicitFileType = wrapper.cfbundle; includeInIndex = 0; path = MissilesTests.xctest; sourceTree = BUILT_PRODUCTS_DIR; };
		00E356F11AD99517003FC87E /* Info.plist */ = {isa = PBXFileReference; lastKnownFileType = text.plist.xml; path = Info.plist; sourceTree = "<group>"; };
		00E356F21AD99517003FC87E /* MissilesTests.m */ = {isa = PBXFileReference; lastKnownFileType = sourcecode.c.objc; path = MissilesTests.m; sourceTree = "<group>"; };
		083A4C2F03804C50798FF3DA /* Pods_Missiles.framework */ = {isa = PBXFileReference; explicitFileType = wrapper.framework; includeInIndex = 0; path = Pods_Missiles.framework; sourceTree = BUILT_PRODUCTS_DIR; };
		0A1BBDFC1DDD38D6008571A8 /* RNDeviceInfo.xcodeproj */ = {isa = PBXFileReference; lastKnownFileType = "wrapper.pb-project"; name = RNDeviceInfo.xcodeproj; path = "../node_modules/react-native-device-info/RNDeviceInfo.xcodeproj"; sourceTree = "<group>"; };
		0A1BBE041DDD3A01008571A8 /* Entypo.ttf */ = {isa = PBXFileReference; lastKnownFileType = file; path = Entypo.ttf; sourceTree = "<group>"; };
		0A1BBE051DDD3A01008571A8 /* EvilIcons.ttf */ = {isa = PBXFileReference; lastKnownFileType = file; path = EvilIcons.ttf; sourceTree = "<group>"; };
		0A1BBE061DDD3A01008571A8 /* FontAwesome.ttf */ = {isa = PBXFileReference; lastKnownFileType = file; path = FontAwesome.ttf; sourceTree = "<group>"; };
		0A1BBE071DDD3A01008571A8 /* Foundation.ttf */ = {isa = PBXFileReference; lastKnownFileType = file; path = Foundation.ttf; sourceTree = "<group>"; };
		0A1BBE081DDD3A01008571A8 /* Ionicons.ttf */ = {isa = PBXFileReference; lastKnownFileType = file; path = Ionicons.ttf; sourceTree = "<group>"; };
		0A1BBE091DDD3A01008571A8 /* MaterialIcons.ttf */ = {isa = PBXFileReference; lastKnownFileType = file; path = MaterialIcons.ttf; sourceTree = "<group>"; };
		0A1BBE0A1DDD3A01008571A8 /* Octicons.ttf */ = {isa = PBXFileReference; lastKnownFileType = file; path = Octicons.ttf; sourceTree = "<group>"; };
		0A1BBE0B1DDD3A01008571A8 /* Zocial.ttf */ = {isa = PBXFileReference; lastKnownFileType = file; path = Zocial.ttf; sourceTree = "<group>"; };
		0A47A6AD1DD5302D005FF96A /* GoogleService-Info.plist */ = {isa = PBXFileReference; fileEncoding = 4; lastKnownFileType = text.plist.xml; name = "GoogleService-Info.plist"; path = "Missiles/GoogleService-Info.plist"; sourceTree = "<group>"; };
		0A564D701DC5521900693572 /* RNBackgroundGeolocation.xcodeproj */ = {isa = PBXFileReference; lastKnownFileType = "wrapper.pb-project"; name = RNBackgroundGeolocation.xcodeproj; path = "../node_modules/react-native-background-geolocation/ios/RNBackgroundGeolocation.xcodeproj"; sourceTree = "<group>"; };
		0A564D791DC5524E00693572 /* RNBackgroundFetch.xcodeproj */ = {isa = PBXFileReference; lastKnownFileType = "wrapper.pb-project"; name = RNBackgroundFetch.xcodeproj; path = "../node_modules/react-native-background-fetch/ios/RNBackgroundFetch/RNBackgroundFetch.xcodeproj"; sourceTree = "<group>"; };
		0A564D821DC5527100693572 /* libsqlite3.tbd */ = {isa = PBXFileReference; lastKnownFileType = "sourcecode.text-based-dylib-definition"; name = libsqlite3.tbd; path = usr/lib/libsqlite3.tbd; sourceTree = SDKROOT; };
		0A564D841DC552B300693572 /* TSLocationManager.framework */ = {isa = PBXFileReference; lastKnownFileType = wrapper.framework; name = TSLocationManager.framework; path = "../node_modules/react-native-background-geolocation/ios/RNBackgroundGeolocation/TSLocationManager.framework"; sourceTree = "<group>"; };
		0A564D861DC552CA00693572 /* TSBackgroundFetch.framework */ = {isa = PBXFileReference; lastKnownFileType = wrapper.framework; name = TSBackgroundFetch.framework; path = "../node_modules/react-native-background-fetch/ios/RNBackgroundFetch/TSBackgroundFetch.framework"; sourceTree = "<group>"; };
		0A564D881DC553E200693572 /* RNBackgroundFetch+AppDelegate.m */ = {isa = PBXFileReference; fileEncoding = 4; lastKnownFileType = sourcecode.c.objc; name = "RNBackgroundFetch+AppDelegate.m"; path = "../node_modules/react-native-background-fetch/ios/RNBackgroundFetch/RNBackgroundFetch/RNBackgroundFetch+AppDelegate.m"; sourceTree = "<group>"; };
		0A564D941DC7879800693572 /* Mapbox.framework */ = {isa = PBXFileReference; lastKnownFileType = wrapper.framework; path = Mapbox.framework; sourceTree = "<group>"; };
		0AD53DE41DB70155008C1447 /* RNFIRMessaging.xcodeproj */ = {isa = PBXFileReference; lastKnownFileType = "wrapper.pb-project"; name = RNFIRMessaging.xcodeproj; path = "../node_modules/react-native-fcm/ios/RNFIRMessaging.xcodeproj"; sourceTree = "<group>"; };
		0AFEB6B41DB6D43C0022D460 /* Missiles.entitlements */ = {isa = PBXFileReference; lastKnownFileType = text.plist.entitlements; name = Missiles.entitlements; path = Missiles/Missiles.entitlements; sourceTree = "<group>"; };
		0AFEB6B51DB6D4770022D460 /* RCTPushNotification.xcodeproj */ = {isa = PBXFileReference; lastKnownFileType = "wrapper.pb-project"; name = RCTPushNotification.xcodeproj; path = "../node_modules/react-native/Libraries/PushNotificationIOS/RCTPushNotification.xcodeproj"; sourceTree = "<group>"; };
		139105B61AF99BAD00B5F7CC /* RCTSettings.xcodeproj */ = {isa = PBXFileReference; lastKnownFileType = "wrapper.pb-project"; name = RCTSettings.xcodeproj; path = "../node_modules/react-native/Libraries/Settings/RCTSettings.xcodeproj"; sourceTree = "<group>"; };
		139FDEE61B06529A00C62182 /* RCTWebSocket.xcodeproj */ = {isa = PBXFileReference; lastKnownFileType = "wrapper.pb-project"; name = RCTWebSocket.xcodeproj; path = "../node_modules/react-native/Libraries/WebSocket/RCTWebSocket.xcodeproj"; sourceTree = "<group>"; };
		13B07F961A680F5B00A75B9A /* Missiles.app */ = {isa = PBXFileReference; explicitFileType = wrapper.application; includeInIndex = 0; path = Missiles.app; sourceTree = BUILT_PRODUCTS_DIR; };
		13B07FAF1A68108700A75B9A /* AppDelegate.h */ = {isa = PBXFileReference; fileEncoding = 4; lastKnownFileType = sourcecode.c.h; name = AppDelegate.h; path = Missiles/AppDelegate.h; sourceTree = "<group>"; };
		13B07FB01A68108700A75B9A /* AppDelegate.m */ = {isa = PBXFileReference; fileEncoding = 4; lastKnownFileType = sourcecode.c.objc; name = AppDelegate.m; path = Missiles/AppDelegate.m; sourceTree = "<group>"; };
		13B07FB21A68108700A75B9A /* Base */ = {isa = PBXFileReference; lastKnownFileType = file.xib; name = Base; path = Base.lproj/LaunchScreen.xib; sourceTree = "<group>"; };
		13B07FB51A68108700A75B9A /* Images.xcassets */ = {isa = PBXFileReference; lastKnownFileType = folder.assetcatalog; name = Images.xcassets; path = Missiles/Images.xcassets; sourceTree = "<group>"; };
		13B07FB61A68108700A75B9A /* Info.plist */ = {isa = PBXFileReference; fileEncoding = 4; lastKnownFileType = text.plist.xml; name = Info.plist; path = Missiles/Info.plist; sourceTree = "<group>"; };
		13B07FB71A68108700A75B9A /* main.m */ = {isa = PBXFileReference; fileEncoding = 4; lastKnownFileType = sourcecode.c.objc; name = main.m; path = Missiles/main.m; sourceTree = "<group>"; };
		146833FF1AC3E56700842450 /* React.xcodeproj */ = {isa = PBXFileReference; lastKnownFileType = "wrapper.pb-project"; name = React.xcodeproj; path = "../node_modules/react-native/React/React.xcodeproj"; sourceTree = "<group>"; };
		14FA5D368C414810A849CA75 /* libReactNativePermissions.a */ = {isa = PBXFileReference; explicitFileType = undefined; fileEncoding = 9; includeInIndex = 0; lastKnownFileType = archive.ar; path = libReactNativePermissions.a; sourceTree = "<group>"; };
		61F7D01072794085A82043A7 /* libAirMaps.a */ = {isa = PBXFileReference; explicitFileType = undefined; fileEncoding = 9; includeInIndex = 0; lastKnownFileType = archive.ar; path = libAirMaps.a; sourceTree = "<group>"; };
		6F9E5AFE26934406A86302C5 /* AirMaps.xcodeproj */ = {isa = PBXFileReference; explicitFileType = undefined; fileEncoding = 9; includeInIndex = 0; lastKnownFileType = "wrapper.pb-project"; name = AirMaps.xcodeproj; path = "../node_modules/react-native-maps/ios/AirMaps.xcodeproj"; sourceTree = "<group>"; };
		78C398B01ACF4ADC00677621 /* RCTLinking.xcodeproj */ = {isa = PBXFileReference; lastKnownFileType = "wrapper.pb-project"; name = RCTLinking.xcodeproj; path = "../node_modules/react-native/Libraries/LinkingIOS/RCTLinking.xcodeproj"; sourceTree = "<group>"; };
		832341B01AAA6A8300B99B32 /* RCTText.xcodeproj */ = {isa = PBXFileReference; lastKnownFileType = "wrapper.pb-project"; name = RCTText.xcodeproj; path = "../node_modules/react-native/Libraries/Text/RCTText.xcodeproj"; sourceTree = "<group>"; };
		A7C6E589C41818B72F0B820D /* Pods-Missiles.debug.xcconfig */ = {isa = PBXFileReference; includeInIndex = 1; lastKnownFileType = text.xcconfig; name = "Pods-Missiles.debug.xcconfig"; path = "Pods/Target Support Files/Pods-Missiles/Pods-Missiles.debug.xcconfig"; sourceTree = "<group>"; };
		E4B7FFCF9DFA9808D16AE0E1 /* Pods-Missiles.release.xcconfig */ = {isa = PBXFileReference; includeInIndex = 1; lastKnownFileType = text.xcconfig; name = "Pods-Missiles.release.xcconfig"; path = "Pods/Target Support Files/Pods-Missiles/Pods-Missiles.release.xcconfig"; sourceTree = "<group>"; };
		EDA37328705A4402BF7B89A5 /* ReactNativePermissions.xcodeproj */ = {isa = PBXFileReference; explicitFileType = undefined; fileEncoding = 9; includeInIndex = 0; lastKnownFileType = "wrapper.pb-project"; name = ReactNativePermissions.xcodeproj; path = "../node_modules/react-native-permissions/ReactNativePermissions.xcodeproj"; sourceTree = "<group>"; };
/* End PBXFileReference section */

/* Begin PBXFrameworksBuildPhase section */
		00E356EB1AD99517003FC87E /* Frameworks */ = {
			isa = PBXFrameworksBuildPhase;
			buildActionMask = 2147483647;
			files = (
				140ED2AC1D01E1AD002B40FF /* libReact.a in Frameworks */,
			);
			runOnlyForDeploymentPostprocessing = 0;
		};
		13B07F8C1A680F5B00A75B9A /* Frameworks */ = {
			isa = PBXFrameworksBuildPhase;
			buildActionMask = 2147483647;
			files = (
				0A1BBE021DDD38E0008571A8 /* libRNDeviceInfo.a in Frameworks */,
				0A564D871DC552CA00693572 /* TSBackgroundFetch.framework in Frameworks */,
				0A564D851DC552B300693572 /* TSLocationManager.framework in Frameworks */,
				0A564D831DC5527100693572 /* libsqlite3.tbd in Frameworks */,
				0A564D811DC5525D00693572 /* libRNBackgroundGeolocation.a in Frameworks */,
				0A564D801DC5525A00693572 /* libRNBackgroundFetch.a in Frameworks */,
				0AD53DF51DB70161008C1447 /* libRNFIRMessaging.a in Frameworks */,
				0AFEB6BB1DB6D4840022D460 /* libRCTPushNotification.a in Frameworks */,
				146834051AC3E58100842450 /* libReact.a in Frameworks */,
				00C302E51ABCBA2D00DB3ED1 /* libRCTActionSheet.a in Frameworks */,
				00C302E71ABCBA2D00DB3ED1 /* libRCTGeolocation.a in Frameworks */,
				00C302E81ABCBA2D00DB3ED1 /* libRCTImage.a in Frameworks */,
				133E29F31AD74F7200F7D852 /* libRCTLinking.a in Frameworks */,
				00C302E91ABCBA2D00DB3ED1 /* libRCTNetwork.a in Frameworks */,
				139105C61AF99C1200B5F7CC /* libRCTSettings.a in Frameworks */,
				832341BD1AAA6AB300B99B32 /* libRCTText.a in Frameworks */,
				00C302EA1ABCBA2D00DB3ED1 /* libRCTVibration.a in Frameworks */,
				139FDEF61B0652A700C62182 /* libRCTWebSocket.a in Frameworks */,
				DA02A75A2BA333A657E144FF /* Pods_Missiles.framework in Frameworks */,
				8D79895C1ECF45D0A0CE3254 /* libReactNativePermissions.a in Frameworks */,
				4A57C38268264350AA374EF6 /* libAirMaps.a in Frameworks */,
			);
			runOnlyForDeploymentPostprocessing = 0;
		};
/* End PBXFrameworksBuildPhase section */

/* Begin PBXGroup section */
		00C302A81ABCB8CE00DB3ED1 /* Products */ = {
			isa = PBXGroup;
			children = (
				00C302AC1ABCB8CE00DB3ED1 /* libRCTActionSheet.a */,
			);
			name = Products;
			sourceTree = "<group>";
		};
		00C302B61ABCB90400DB3ED1 /* Products */ = {
			isa = PBXGroup;
			children = (
				00C302BA1ABCB90400DB3ED1 /* libRCTGeolocation.a */,
			);
			name = Products;
			sourceTree = "<group>";
		};
		00C302BC1ABCB91800DB3ED1 /* Products */ = {
			isa = PBXGroup;
			children = (
				00C302C01ABCB91800DB3ED1 /* libRCTImage.a */,
			);
			name = Products;
			sourceTree = "<group>";
		};
		00C302D41ABCB9D200DB3ED1 /* Products */ = {
			isa = PBXGroup;
			children = (
				00C302DC1ABCB9D200DB3ED1 /* libRCTNetwork.a */,
			);
			name = Products;
			sourceTree = "<group>";
		};
		00C302E01ABCB9EE00DB3ED1 /* Products */ = {
			isa = PBXGroup;
			children = (
				00C302E41ABCB9EE00DB3ED1 /* libRCTVibration.a */,
			);
			name = Products;
			sourceTree = "<group>";
		};
		00E356EF1AD99517003FC87E /* MissilesTests */ = {
			isa = PBXGroup;
			children = (
				00E356F21AD99517003FC87E /* MissilesTests.m */,
				00E356F01AD99517003FC87E /* Supporting Files */,
			);
			path = MissilesTests;
			sourceTree = "<group>";
		};
		00E356F01AD99517003FC87E /* Supporting Files */ = {
			isa = PBXGroup;
			children = (
				00E356F11AD99517003FC87E /* Info.plist */,
			);
			name = "Supporting Files";
			sourceTree = "<group>";
		};
		0A0FB5221DBBF1DA0047D282 /* Products */ = {
			isa = PBXGroup;
			children = (
				0A0FB5261DBBF1DA0047D282 /* libAirMaps.a */,
			);
			name = Products;
			sourceTree = "<group>";
		};
		0A1664851DBA908F0050506C /* Products */ = {
			isa = PBXGroup;
			children = (
				0A1664941DBA908F0050506C /* libReactNativePermissions.a */,
			);
			name = Products;
			sourceTree = "<group>";
		};
		0A1BBDFD1DDD38D6008571A8 /* Products */ = {
			isa = PBXGroup;
			children = (
				0A1BBE011DDD38D6008571A8 /* libRNDeviceInfo.a */,
			);
			name = Products;
			sourceTree = "<group>";
		};
		0A1BBE031DDD3A01008571A8 /* Fonts */ = {
			isa = PBXGroup;
			children = (
				0A1BBE041DDD3A01008571A8 /* Entypo.ttf */,
				0A1BBE051DDD3A01008571A8 /* EvilIcons.ttf */,
				0A1BBE061DDD3A01008571A8 /* FontAwesome.ttf */,
				0A1BBE071DDD3A01008571A8 /* Foundation.ttf */,
				0A1BBE081DDD3A01008571A8 /* Ionicons.ttf */,
				0A1BBE091DDD3A01008571A8 /* MaterialIcons.ttf */,
				0A1BBE0A1DDD3A01008571A8 /* Octicons.ttf */,
				0A1BBE0B1DDD3A01008571A8 /* Zocial.ttf */,
			);
			path = Fonts;
			sourceTree = "<group>";
		};
		0A564D711DC5521900693572 /* Products */ = {
			isa = PBXGroup;
			children = (
				0A564D761DC5521A00693572 /* libRNBackgroundGeolocation.a */,
				0A564D781DC5521A00693572 /* RNBackgroundGeolocationTests.xctest */,
			);
			name = Products;
			sourceTree = "<group>";
		};
		0A564D7A1DC5524E00693572 /* Products */ = {
			isa = PBXGroup;
			children = (
				0A564D7F1DC5524E00693572 /* libRNBackgroundFetch.a */,
			);
			name = Products;
			sourceTree = "<group>";
		};
		0AD53DE51DB70155008C1447 /* Products */ = {
			isa = PBXGroup;
			children = (
				0AD53DF41DB70156008C1447 /* libRNFIRMessaging.a */,
			);
			name = Products;
			sourceTree = "<group>";
		};
		0AFEB6B61DB6D4770022D460 /* Products */ = {
			isa = PBXGroup;
			children = (
				0AFEB6BA1DB6D4770022D460 /* libRCTPushNotification.a */,
			);
			name = Products;
			sourceTree = "<group>";
		};
		139105B71AF99BAD00B5F7CC /* Products */ = {
			isa = PBXGroup;
			children = (
				139105C11AF99BAD00B5F7CC /* libRCTSettings.a */,
			);
			name = Products;
			sourceTree = "<group>";
		};
		139FDEE71B06529A00C62182 /* Products */ = {
			isa = PBXGroup;
			children = (
				139FDEF41B06529B00C62182 /* libRCTWebSocket.a */,
			);
			name = Products;
			sourceTree = "<group>";
		};
		13B07FAE1A68108700A75B9A /* Missiles */ = {
			isa = PBXGroup;
			children = (
				0A1BBE031DDD3A01008571A8 /* Fonts */,
				0AFEB6B41DB6D43C0022D460 /* Missiles.entitlements */,
				008F07F21AC5B25A0029DE68 /* main.jsbundle */,
				13B07FAF1A68108700A75B9A /* AppDelegate.h */,
				0A47A6AD1DD5302D005FF96A /* GoogleService-Info.plist */,
				13B07FB01A68108700A75B9A /* AppDelegate.m */,
				0A564D881DC553E200693572 /* RNBackgroundFetch+AppDelegate.m */,
				13B07FB51A68108700A75B9A /* Images.xcassets */,
				13B07FB61A68108700A75B9A /* Info.plist */,
				13B07FB11A68108700A75B9A /* LaunchScreen.xib */,
				13B07FB71A68108700A75B9A /* main.m */,
			);
			name = Missiles;
			sourceTree = "<group>";
		};
		146834001AC3E56700842450 /* Products */ = {
			isa = PBXGroup;
			children = (
				146834041AC3E56700842450 /* libReact.a */,
			);
			name = Products;
			sourceTree = "<group>";
		};
		4A0B0839F2F4EADFBFAADB19 /* Pods */ = {
			isa = PBXGroup;
			children = (
				A7C6E589C41818B72F0B820D /* Pods-Missiles.debug.xcconfig */,
				E4B7FFCF9DFA9808D16AE0E1 /* Pods-Missiles.release.xcconfig */,
			);
			name = Pods;
			sourceTree = "<group>";
		};
		78C398B11ACF4ADC00677621 /* Products */ = {
			isa = PBXGroup;
			children = (
				78C398B91ACF4ADC00677621 /* libRCTLinking.a */,
			);
			name = Products;
			sourceTree = "<group>";
		};
		832341AE1AAA6A7D00B99B32 /* Libraries */ = {
			isa = PBXGroup;
			children = (
				0A1BBDFC1DDD38D6008571A8 /* RNDeviceInfo.xcodeproj */,
				0A564D791DC5524E00693572 /* RNBackgroundFetch.xcodeproj */,
				0A564D701DC5521900693572 /* RNBackgroundGeolocation.xcodeproj */,
				0AD53DE41DB70155008C1447 /* RNFIRMessaging.xcodeproj */,
				0AFEB6B51DB6D4770022D460 /* RCTPushNotification.xcodeproj */,
				146833FF1AC3E56700842450 /* React.xcodeproj */,
				00C302A71ABCB8CE00DB3ED1 /* RCTActionSheet.xcodeproj */,
				00C302B51ABCB90400DB3ED1 /* RCTGeolocation.xcodeproj */,
				00C302BB1ABCB91800DB3ED1 /* RCTImage.xcodeproj */,
				78C398B01ACF4ADC00677621 /* RCTLinking.xcodeproj */,
				00C302D31ABCB9D200DB3ED1 /* RCTNetwork.xcodeproj */,
				139105B61AF99BAD00B5F7CC /* RCTSettings.xcodeproj */,
				832341B01AAA6A8300B99B32 /* RCTText.xcodeproj */,
				00C302DF1ABCB9EE00DB3ED1 /* RCTVibration.xcodeproj */,
				139FDEE61B06529A00C62182 /* RCTWebSocket.xcodeproj */,
				EDA37328705A4402BF7B89A5 /* ReactNativePermissions.xcodeproj */,
				6F9E5AFE26934406A86302C5 /* AirMaps.xcodeproj */,
			);
			name = Libraries;
			sourceTree = "<group>";
		};
		832341B11AAA6A8300B99B32 /* Products */ = {
			isa = PBXGroup;
			children = (
				832341B51AAA6A8300B99B32 /* libRCTText.a */,
			);
			name = Products;
			sourceTree = "<group>";
		};
		83CBB9F61A601CBA00E9B192 = {
			isa = PBXGroup;
			children = (
				0A564D941DC7879800693572 /* Mapbox.framework */,
				13B07FAE1A68108700A75B9A /* Missiles */,
				832341AE1AAA6A7D00B99B32 /* Libraries */,
				00E356EF1AD99517003FC87E /* MissilesTests */,
				83CBBA001A601CBA00E9B192 /* Products */,
				4A0B0839F2F4EADFBFAADB19 /* Pods */,
				93E8EE5C4172BD976E80CD5D /* Frameworks */,
			);
			indentWidth = 2;
			sourceTree = "<group>";
			tabWidth = 2;
		};
		83CBBA001A601CBA00E9B192 /* Products */ = {
			isa = PBXGroup;
			children = (
				13B07F961A680F5B00A75B9A /* Missiles.app */,
				00E356EE1AD99517003FC87E /* MissilesTests.xctest */,
			);
			name = Products;
			sourceTree = "<group>";
		};
		93E8EE5C4172BD976E80CD5D /* Frameworks */ = {
			isa = PBXGroup;
			children = (
				0A564D861DC552CA00693572 /* TSBackgroundFetch.framework */,
				0A564D841DC552B300693572 /* TSLocationManager.framework */,
				0A564D821DC5527100693572 /* libsqlite3.tbd */,
				083A4C2F03804C50798FF3DA /* Pods_Missiles.framework */,
			);
			name = Frameworks;
			sourceTree = "<group>";
		};
/* End PBXGroup section */

/* Begin PBXNativeTarget section */
		00E356ED1AD99517003FC87E /* MissilesTests */ = {
			isa = PBXNativeTarget;
			buildConfigurationList = 00E357021AD99517003FC87E /* Build configuration list for PBXNativeTarget "MissilesTests" */;
			buildPhases = (
				00E356EA1AD99517003FC87E /* Sources */,
				00E356EB1AD99517003FC87E /* Frameworks */,
				00E356EC1AD99517003FC87E /* Resources */,
			);
			buildRules = (
			);
			dependencies = (
				00E356F51AD99517003FC87E /* PBXTargetDependency */,
			);
			name = MissilesTests;
			productName = MissilesTests;
			productReference = 00E356EE1AD99517003FC87E /* MissilesTests.xctest */;
			productType = "com.apple.product-type.bundle.unit-test";
		};
		13B07F861A680F5B00A75B9A /* Missiles */ = {
			isa = PBXNativeTarget;
			buildConfigurationList = 13B07F931A680F5B00A75B9A /* Build configuration list for PBXNativeTarget "Missiles" */;
			buildPhases = (
				59EEF194BF1B89D003F7F26C /* [CP] Check Pods Manifest.lock */,
				13B07F871A680F5B00A75B9A /* Sources */,
				13B07F8C1A680F5B00A75B9A /* Frameworks */,
				13B07F8E1A680F5B00A75B9A /* Resources */,
				00DD1BFF1BD5951E006B06BC /* Bundle React Native code and images */,
				820C3A3AF4B29D96762040AD /* [CP] Embed Pods Frameworks */,
				5741D481CA302FB7381DE47B /* [CP] Copy Pods Resources */,
				0A564D611DC45D0900693572 /* ShellScript */,
			);
			buildRules = (
			);
			dependencies = (
			);
			name = Missiles;
			productName = "Hello World";
			productReference = 13B07F961A680F5B00A75B9A /* Missiles.app */;
			productType = "com.apple.product-type.application";
		};
/* End PBXNativeTarget section */

/* Begin PBXProject section */
		83CBB9F71A601CBA00E9B192 /* Project object */ = {
			isa = PBXProject;
			attributes = {
				LastUpgradeCheck = 610;
				ORGANIZATIONNAME = Facebook;
				TargetAttributes = {
					00E356ED1AD99517003FC87E = {
						CreatedOnToolsVersion = 6.2;
						TestTargetID = 13B07F861A680F5B00A75B9A;
					};
					13B07F861A680F5B00A75B9A = {
						DevelopmentTeam = 238ECU3XMU;
						SystemCapabilities = {
							com.apple.BackgroundModes = {
								enabled = 1;
							};
							com.apple.Push = {
								enabled = 1;
							};
						};
					};
				};
			};
			buildConfigurationList = 83CBB9FA1A601CBA00E9B192 /* Build configuration list for PBXProject "Missiles" */;
			compatibilityVersion = "Xcode 3.2";
			developmentRegion = English;
			hasScannedForEncodings = 0;
			knownRegions = (
				en,
				Base,
			);
			mainGroup = 83CBB9F61A601CBA00E9B192;
			productRefGroup = 83CBBA001A601CBA00E9B192 /* Products */;
			projectDirPath = "";
			projectReferences = (
				{
					ProductGroup = 0A0FB5221DBBF1DA0047D282 /* Products */;
					ProjectRef = 6F9E5AFE26934406A86302C5 /* AirMaps.xcodeproj */;
				},
				{
					ProductGroup = 00C302A81ABCB8CE00DB3ED1 /* Products */;
					ProjectRef = 00C302A71ABCB8CE00DB3ED1 /* RCTActionSheet.xcodeproj */;
				},
				{
					ProductGroup = 00C302B61ABCB90400DB3ED1 /* Products */;
					ProjectRef = 00C302B51ABCB90400DB3ED1 /* RCTGeolocation.xcodeproj */;
				},
				{
					ProductGroup = 00C302BC1ABCB91800DB3ED1 /* Products */;
					ProjectRef = 00C302BB1ABCB91800DB3ED1 /* RCTImage.xcodeproj */;
				},
				{
					ProductGroup = 78C398B11ACF4ADC00677621 /* Products */;
					ProjectRef = 78C398B01ACF4ADC00677621 /* RCTLinking.xcodeproj */;
				},
				{
					ProductGroup = 00C302D41ABCB9D200DB3ED1 /* Products */;
					ProjectRef = 00C302D31ABCB9D200DB3ED1 /* RCTNetwork.xcodeproj */;
				},
				{
					ProductGroup = 0AFEB6B61DB6D4770022D460 /* Products */;
					ProjectRef = 0AFEB6B51DB6D4770022D460 /* RCTPushNotification.xcodeproj */;
				},
				{
					ProductGroup = 139105B71AF99BAD00B5F7CC /* Products */;
					ProjectRef = 139105B61AF99BAD00B5F7CC /* RCTSettings.xcodeproj */;
				},
				{
					ProductGroup = 832341B11AAA6A8300B99B32 /* Products */;
					ProjectRef = 832341B01AAA6A8300B99B32 /* RCTText.xcodeproj */;
				},
				{
					ProductGroup = 00C302E01ABCB9EE00DB3ED1 /* Products */;
					ProjectRef = 00C302DF1ABCB9EE00DB3ED1 /* RCTVibration.xcodeproj */;
				},
				{
					ProductGroup = 139FDEE71B06529A00C62182 /* Products */;
					ProjectRef = 139FDEE61B06529A00C62182 /* RCTWebSocket.xcodeproj */;
				},
				{
					ProductGroup = 146834001AC3E56700842450 /* Products */;
					ProjectRef = 146833FF1AC3E56700842450 /* React.xcodeproj */;
				},
				{
					ProductGroup = 0A1664851DBA908F0050506C /* Products */;
					ProjectRef = EDA37328705A4402BF7B89A5 /* ReactNativePermissions.xcodeproj */;
				},
				{
					ProductGroup = 0A564D7A1DC5524E00693572 /* Products */;
					ProjectRef = 0A564D791DC5524E00693572 /* RNBackgroundFetch.xcodeproj */;
				},
				{
					ProductGroup = 0A564D711DC5521900693572 /* Products */;
					ProjectRef = 0A564D701DC5521900693572 /* RNBackgroundGeolocation.xcodeproj */;
				},
				{
					ProductGroup = 0A1BBDFD1DDD38D6008571A8 /* Products */;
					ProjectRef = 0A1BBDFC1DDD38D6008571A8 /* RNDeviceInfo.xcodeproj */;
				},
				{
					ProductGroup = 0AD53DE51DB70155008C1447 /* Products */;
					ProjectRef = 0AD53DE41DB70155008C1447 /* RNFIRMessaging.xcodeproj */;
				},
			);
			projectRoot = "";
			targets = (
				13B07F861A680F5B00A75B9A /* Missiles */,
				00E356ED1AD99517003FC87E /* MissilesTests */,
			);
		};
/* End PBXProject section */

/* Begin PBXReferenceProxy section */
		00C302AC1ABCB8CE00DB3ED1 /* libRCTActionSheet.a */ = {
			isa = PBXReferenceProxy;
			fileType = archive.ar;
			path = libRCTActionSheet.a;
			remoteRef = 00C302AB1ABCB8CE00DB3ED1 /* PBXContainerItemProxy */;
			sourceTree = BUILT_PRODUCTS_DIR;
		};
		00C302BA1ABCB90400DB3ED1 /* libRCTGeolocation.a */ = {
			isa = PBXReferenceProxy;
			fileType = archive.ar;
			path = libRCTGeolocation.a;
			remoteRef = 00C302B91ABCB90400DB3ED1 /* PBXContainerItemProxy */;
			sourceTree = BUILT_PRODUCTS_DIR;
		};
		00C302C01ABCB91800DB3ED1 /* libRCTImage.a */ = {
			isa = PBXReferenceProxy;
			fileType = archive.ar;
			path = libRCTImage.a;
			remoteRef = 00C302BF1ABCB91800DB3ED1 /* PBXContainerItemProxy */;
			sourceTree = BUILT_PRODUCTS_DIR;
		};
		00C302DC1ABCB9D200DB3ED1 /* libRCTNetwork.a */ = {
			isa = PBXReferenceProxy;
			fileType = archive.ar;
			path = libRCTNetwork.a;
			remoteRef = 00C302DB1ABCB9D200DB3ED1 /* PBXContainerItemProxy */;
			sourceTree = BUILT_PRODUCTS_DIR;
		};
		00C302E41ABCB9EE00DB3ED1 /* libRCTVibration.a */ = {
			isa = PBXReferenceProxy;
			fileType = archive.ar;
			path = libRCTVibration.a;
			remoteRef = 00C302E31ABCB9EE00DB3ED1 /* PBXContainerItemProxy */;
			sourceTree = BUILT_PRODUCTS_DIR;
		};
		0A0FB5261DBBF1DA0047D282 /* libAirMaps.a */ = {
			isa = PBXReferenceProxy;
			fileType = archive.ar;
			path = libAirMaps.a;
			remoteRef = 0A0FB5251DBBF1DA0047D282 /* PBXContainerItemProxy */;
			sourceTree = BUILT_PRODUCTS_DIR;
		};
		0A1664941DBA908F0050506C /* libReactNativePermissions.a */ = {
			isa = PBXReferenceProxy;
			fileType = archive.ar;
			path = libReactNativePermissions.a;
			remoteRef = 0A1664931DBA908F0050506C /* PBXContainerItemProxy */;
			sourceTree = BUILT_PRODUCTS_DIR;
		};
		0A1BBE011DDD38D6008571A8 /* libRNDeviceInfo.a */ = {
			isa = PBXReferenceProxy;
			fileType = archive.ar;
			path = libRNDeviceInfo.a;
			remoteRef = 0A1BBE001DDD38D6008571A8 /* PBXContainerItemProxy */;
			sourceTree = BUILT_PRODUCTS_DIR;
		};
		0A564D761DC5521A00693572 /* libRNBackgroundGeolocation.a */ = {
			isa = PBXReferenceProxy;
			fileType = archive.ar;
			path = libRNBackgroundGeolocation.a;
			remoteRef = 0A564D751DC5521A00693572 /* PBXContainerItemProxy */;
			sourceTree = BUILT_PRODUCTS_DIR;
		};
		0A564D781DC5521A00693572 /* RNBackgroundGeolocationTests.xctest */ = {
			isa = PBXReferenceProxy;
			fileType = wrapper.cfbundle;
			path = RNBackgroundGeolocationTests.xctest;
			remoteRef = 0A564D771DC5521A00693572 /* PBXContainerItemProxy */;
			sourceTree = BUILT_PRODUCTS_DIR;
		};
		0A564D7F1DC5524E00693572 /* libRNBackgroundFetch.a */ = {
			isa = PBXReferenceProxy;
			fileType = archive.ar;
			path = libRNBackgroundFetch.a;
			remoteRef = 0A564D7E1DC5524E00693572 /* PBXContainerItemProxy */;
			sourceTree = BUILT_PRODUCTS_DIR;
		};
		0AD53DF41DB70156008C1447 /* libRNFIRMessaging.a */ = {
			isa = PBXReferenceProxy;
			fileType = archive.ar;
			path = libRNFIRMessaging.a;
			remoteRef = 0AD53DF31DB70156008C1447 /* PBXContainerItemProxy */;
			sourceTree = BUILT_PRODUCTS_DIR;
		};
		0AFEB6BA1DB6D4770022D460 /* libRCTPushNotification.a */ = {
			isa = PBXReferenceProxy;
			fileType = archive.ar;
			path = libRCTPushNotification.a;
			remoteRef = 0AFEB6B91DB6D4770022D460 /* PBXContainerItemProxy */;
			sourceTree = BUILT_PRODUCTS_DIR;
		};
		139105C11AF99BAD00B5F7CC /* libRCTSettings.a */ = {
			isa = PBXReferenceProxy;
			fileType = archive.ar;
			path = libRCTSettings.a;
			remoteRef = 139105C01AF99BAD00B5F7CC /* PBXContainerItemProxy */;
			sourceTree = BUILT_PRODUCTS_DIR;
		};
		139FDEF41B06529B00C62182 /* libRCTWebSocket.a */ = {
			isa = PBXReferenceProxy;
			fileType = archive.ar;
			path = libRCTWebSocket.a;
			remoteRef = 139FDEF31B06529B00C62182 /* PBXContainerItemProxy */;
			sourceTree = BUILT_PRODUCTS_DIR;
		};
		146834041AC3E56700842450 /* libReact.a */ = {
			isa = PBXReferenceProxy;
			fileType = archive.ar;
			path = libReact.a;
			remoteRef = 146834031AC3E56700842450 /* PBXContainerItemProxy */;
			sourceTree = BUILT_PRODUCTS_DIR;
		};
		78C398B91ACF4ADC00677621 /* libRCTLinking.a */ = {
			isa = PBXReferenceProxy;
			fileType = archive.ar;
			path = libRCTLinking.a;
			remoteRef = 78C398B81ACF4ADC00677621 /* PBXContainerItemProxy */;
			sourceTree = BUILT_PRODUCTS_DIR;
		};
		832341B51AAA6A8300B99B32 /* libRCTText.a */ = {
			isa = PBXReferenceProxy;
			fileType = archive.ar;
			path = libRCTText.a;
			remoteRef = 832341B41AAA6A8300B99B32 /* PBXContainerItemProxy */;
			sourceTree = BUILT_PRODUCTS_DIR;
		};
/* End PBXReferenceProxy section */

/* Begin PBXResourcesBuildPhase section */
		00E356EC1AD99517003FC87E /* Resources */ = {
			isa = PBXResourcesBuildPhase;
			buildActionMask = 2147483647;
			files = (
			);
			runOnlyForDeploymentPostprocessing = 0;
		};
		13B07F8E1A680F5B00A75B9A /* Resources */ = {
			isa = PBXResourcesBuildPhase;
			buildActionMask = 2147483647;
			files = (
				0A1BBE121DDD3A01008571A8 /* Octicons.ttf in Resources */,
				13B07FBF1A68108700A75B9A /* Images.xcassets in Resources */,
				0A1BBE0F1DDD3A01008571A8 /* Foundation.ttf in Resources */,
				0A1BBE101DDD3A01008571A8 /* Ionicons.ttf in Resources */,
				0A1BBE0C1DDD3A01008571A8 /* Entypo.ttf in Resources */,
				13B07FBD1A68108700A75B9A /* LaunchScreen.xib in Resources */,
				0A1BBE131DDD3A01008571A8 /* Zocial.ttf in Resources */,
				0A1BBE111DDD3A01008571A8 /* MaterialIcons.ttf in Resources */,
				0A1BBE0D1DDD3A01008571A8 /* EvilIcons.ttf in Resources */,
				0A47A6AE1DD5302D005FF96A /* GoogleService-Info.plist in Resources */,
				0A1BBE0E1DDD3A01008571A8 /* FontAwesome.ttf in Resources */,
			);
			runOnlyForDeploymentPostprocessing = 0;
		};
/* End PBXResourcesBuildPhase section */

/* Begin PBXShellScriptBuildPhase section */
		00DD1BFF1BD5951E006B06BC /* Bundle React Native code and images */ = {
			isa = PBXShellScriptBuildPhase;
			buildActionMask = 2147483647;
			files = (
			);
			inputPaths = (
			);
			name = "Bundle React Native code and images";
			outputPaths = (
			);
			runOnlyForDeploymentPostprocessing = 0;
			shellPath = /bin/sh;
			shellScript = "export NODE_BINARY=node\n../node_modules/react-native/packager/react-native-xcode.sh";
		};
		0A564D611DC45D0900693572 /* ShellScript */ = {
			isa = PBXShellScriptBuildPhase;
			buildActionMask = 2147483647;
			files = (
			);
			inputPaths = (
			);
			outputPaths = (
			);
			runOnlyForDeploymentPostprocessing = 0;
			shellPath = /bin/sh;
			shellScript = "\"${PODS_ROOT}/Fabric/run\" 6f8c3009d1fd2908681f11b2f8578d38fa4787ba a827748e0a74f4e5aa6034c96ff9693d515ec6198411f4ae4d82031cf8735ea8";
		};
		5741D481CA302FB7381DE47B /* [CP] Copy Pods Resources */ = {
			isa = PBXShellScriptBuildPhase;
			buildActionMask = 2147483647;
			files = (
			);
			inputPaths = (
			);
			name = "[CP] Copy Pods Resources";
			outputPaths = (
			);
			runOnlyForDeploymentPostprocessing = 0;
			shellPath = /bin/sh;
			shellScript = "\"${SRCROOT}/Pods/Target Support Files/Pods-Missiles/Pods-Missiles-resources.sh\"\n";
			showEnvVarsInLog = 0;
		};
		59EEF194BF1B89D003F7F26C /* [CP] Check Pods Manifest.lock */ = {
			isa = PBXShellScriptBuildPhase;
			buildActionMask = 2147483647;
			files = (
			);
			inputPaths = (
			);
			name = "[CP] Check Pods Manifest.lock";
			outputPaths = (
			);
			runOnlyForDeploymentPostprocessing = 0;
			shellPath = /bin/sh;
			shellScript = "diff \"${PODS_ROOT}/../Podfile.lock\" \"${PODS_ROOT}/Manifest.lock\" > /dev/null\nif [[ $? != 0 ]] ; then\n    cat << EOM\nerror: The sandbox is not in sync with the Podfile.lock. Run 'pod install' or update your CocoaPods installation.\nEOM\n    exit 1\nfi\n";
			showEnvVarsInLog = 0;
		};
		820C3A3AF4B29D96762040AD /* [CP] Embed Pods Frameworks */ = {
			isa = PBXShellScriptBuildPhase;
			buildActionMask = 2147483647;
			files = (
			);
			inputPaths = (
			);
			name = "[CP] Embed Pods Frameworks";
			outputPaths = (
			);
			runOnlyForDeploymentPostprocessing = 0;
			shellPath = /bin/sh;
			shellScript = "\"${SRCROOT}/Pods/Target Support Files/Pods-Missiles/Pods-Missiles-frameworks.sh\"\n";
			showEnvVarsInLog = 0;
		};
/* End PBXShellScriptBuildPhase section */

/* Begin PBXSourcesBuildPhase section */
		00E356EA1AD99517003FC87E /* Sources */ = {
			isa = PBXSourcesBuildPhase;
			buildActionMask = 2147483647;
			files = (
				00E356F31AD99517003FC87E /* MissilesTests.m in Sources */,
			);
			runOnlyForDeploymentPostprocessing = 0;
		};
		13B07F871A680F5B00A75B9A /* Sources */ = {
			isa = PBXSourcesBuildPhase;
			buildActionMask = 2147483647;
			files = (
				0A564D891DC553E200693572 /* RNBackgroundFetch+AppDelegate.m in Sources */,
				13B07FBC1A68108700A75B9A /* AppDelegate.m in Sources */,
				13B07FC11A68108700A75B9A /* main.m in Sources */,
			);
			runOnlyForDeploymentPostprocessing = 0;
		};
/* End PBXSourcesBuildPhase section */

/* Begin PBXTargetDependency section */
		00E356F51AD99517003FC87E /* PBXTargetDependency */ = {
			isa = PBXTargetDependency;
			target = 13B07F861A680F5B00A75B9A /* Missiles */;
			targetProxy = 00E356F41AD99517003FC87E /* PBXContainerItemProxy */;
		};
/* End PBXTargetDependency section */

/* Begin PBXVariantGroup section */
		13B07FB11A68108700A75B9A /* LaunchScreen.xib */ = {
			isa = PBXVariantGroup;
			children = (
				13B07FB21A68108700A75B9A /* Base */,
			);
			name = LaunchScreen.xib;
			path = Missiles;
			sourceTree = "<group>";
		};
/* End PBXVariantGroup section */

/* Begin XCBuildConfiguration section */
		00E356F61AD99517003FC87E /* Debug */ = {
			isa = XCBuildConfiguration;
			buildSettings = {
				BUNDLE_LOADER = "$(TEST_HOST)";
				GCC_PREPROCESSOR_DEFINITIONS = (
					"DEBUG=1",
					"$(inherited)",
				);
				INFOPLIST_FILE = MissilesTests/Info.plist;
				IPHONEOS_DEPLOYMENT_TARGET = 8.0;
				LD_RUNPATH_SEARCH_PATHS = "$(inherited) @executable_path/Frameworks @loader_path/Frameworks";
				LIBRARY_SEARCH_PATHS = (
					"$(inherited)",
					"\"$(SRCROOT)/$(TARGET_NAME)\"",
					"\"$(SRCROOT)/$(TARGET_NAME)\"",
					"\"$(SRCROOT)/$(TARGET_NAME)\"",
				);
				PRODUCT_NAME = "$(TARGET_NAME)";
				TEST_HOST = "$(BUILT_PRODUCTS_DIR)/Missiles.app/Missiles";
			};
			name = Debug;
		};
		00E356F71AD99517003FC87E /* Release */ = {
			isa = XCBuildConfiguration;
			buildSettings = {
				BUNDLE_LOADER = "$(TEST_HOST)";
				COPY_PHASE_STRIP = NO;
				INFOPLIST_FILE = MissilesTests/Info.plist;
				IPHONEOS_DEPLOYMENT_TARGET = 8.0;
				LD_RUNPATH_SEARCH_PATHS = "$(inherited) @executable_path/Frameworks @loader_path/Frameworks";
				LIBRARY_SEARCH_PATHS = (
					"$(inherited)",
					"\"$(SRCROOT)/$(TARGET_NAME)\"",
					"\"$(SRCROOT)/$(TARGET_NAME)\"",
					"\"$(SRCROOT)/$(TARGET_NAME)\"",
				);
				PRODUCT_NAME = "$(TARGET_NAME)";
				TEST_HOST = "$(BUILT_PRODUCTS_DIR)/Missiles.app/Missiles";
			};
			name = Release;
		};
		13B07F941A680F5B00A75B9A /* Debug */ = {
			isa = XCBuildConfiguration;
			baseConfigurationReference = A7C6E589C41818B72F0B820D /* Pods-Missiles.debug.xcconfig */;
			buildSettings = {
				ASSETCATALOG_COMPILER_APPICON_NAME = AppIcon;
				ASSETCATALOG_COMPILER_LAUNCHIMAGE_NAME = "LaunchImage-3";
				CODE_SIGN_ENTITLEMENTS = Missiles/Missiles.entitlements;
				CURRENT_PROJECT_VERSION = 1;
				DEAD_CODE_STRIPPING = NO;
				DEVELOPMENT_TEAM = 238ECU3XMU;
				FRAMEWORK_SEARCH_PATHS = (
					"$(inherited)",
					"\"${PODS_ROOT}/Crashlytics/iOS\"",
					"\"${PODS_ROOT}/Fabric/iOS\"",
					"\"${PODS_ROOT}/FirebaseAnalytics/Frameworks/frameworks\"",
					"\"${PODS_ROOT}/FirebaseCore/Frameworks/frameworks\"",
					"\"${PODS_ROOT}/FirebaseInstanceID/Frameworks/frameworks\"",
					"\"${PODS_ROOT}/FirebaseMessaging/Frameworks/frameworks\"",
					"\"${PODS_ROOT}/GoogleIPhoneUtilities/Frameworks\"",
					"\"${PODS_ROOT}/GoogleInterchangeUtilities/Frameworks/frameworks\"",
					"\"${PODS_ROOT}/GoogleSymbolUtilities/Frameworks/frameworks\"",
					"\"${PODS_ROOT}/GoogleUtilities/Frameworks/frameworks\"",
					"$(PROJECT_DIR)/../node_modules/react-native-background-fetch/ios/**",
					"$(PROJECT_DIR)/../node_modules/react-native-background-geolocation/ios/**",
					"$(PROJECT_DIR)",
				);
				HEADER_SEARCH_PATHS = (
					"$(inherited)",
					/Applications/Xcode.app/Contents/Developer/Toolchains/XcodeDefault.xctoolchain/usr/include,
					"$(SRCROOT)/../node_modules/react-native/React/**",
					"$(SRCROOT)/../node_modules/react-native/Libraries/PushNotificationIOS/**",
					"$(SRCROOT)/../node_modules/react-native-fcm/ios",
					"$(SRCROOT)/../node_modules/react-native-permissions/**",
					"$(SRCROOT)/../node_modules/react-native-maps/ios/**",
				);
				INFOPLIST_FILE = Missiles/Info.plist;
				LD_RUNPATH_SEARCH_PATHS = "$(inherited) @executable_path/Frameworks";
				OTHER_LDFLAGS = (
					"$(inherited)",
					"-ObjC",
					"-lc++",
				);
				PRODUCT_NAME = Missiles;
				VERSIONING_SYSTEM = "apple-generic";
			};
			name = Debug;
		};
		13B07F951A680F5B00A75B9A /* Release */ = {
			isa = XCBuildConfiguration;
			baseConfigurationReference = E4B7FFCF9DFA9808D16AE0E1 /* Pods-Missiles.release.xcconfig */;
			buildSettings = {
				ASSETCATALOG_COMPILER_APPICON_NAME = AppIcon;
				ASSETCATALOG_COMPILER_LAUNCHIMAGE_NAME = "LaunchImage-3";
				CODE_SIGN_ENTITLEMENTS = Missiles/Missiles.entitlements;
				CURRENT_PROJECT_VERSION = 1;
				DEVELOPMENT_TEAM = 238ECU3XMU;
				FRAMEWORK_SEARCH_PATHS = (
					"$(inherited)",
					"\"${PODS_ROOT}/Crashlytics/iOS\"",
					"\"${PODS_ROOT}/Fabric/iOS\"",
					"\"${PODS_ROOT}/FirebaseAnalytics/Frameworks/frameworks\"",
					"\"${PODS_ROOT}/FirebaseCore/Frameworks/frameworks\"",
					"\"${PODS_ROOT}/FirebaseInstanceID/Frameworks/frameworks\"",
					"\"${PODS_ROOT}/FirebaseMessaging/Frameworks/frameworks\"",
					"\"${PODS_ROOT}/GoogleIPhoneUtilities/Frameworks\"",
					"\"${PODS_ROOT}/GoogleInterchangeUtilities/Frameworks/frameworks\"",
					"\"${PODS_ROOT}/GoogleSymbolUtilities/Frameworks/frameworks\"",
					"\"${PODS_ROOT}/GoogleUtilities/Frameworks/frameworks\"",
					"$(PROJECT_DIR)/../node_modules/react-native-background-fetch/ios/**",
					"$(PROJECT_DIR)/../node_modules/react-native-background-geolocation/ios/**",
					"$(PROJECT_DIR)",
				);
				HEADER_SEARCH_PATHS = (
					"$(inherited)",
					/Applications/Xcode.app/Contents/Developer/Toolchains/XcodeDefault.xctoolchain/usr/include,
					"$(SRCROOT)/../node_modules/react-native/React/**",
					"$(SRCROOT)/../node_modules/react-native/Libraries/PushNotificationIOS/**",
					"$(SRCROOT)/../node_modules/react-native-fcm/ios",
					"$(SRCROOT)/../node_modules/react-native-permissions/**",
					"$(SRCROOT)/../node_modules/react-native-maps/ios/**",
				);
				INFOPLIST_FILE = Missiles/Info.plist;
				LD_RUNPATH_SEARCH_PATHS = "$(inherited) @executable_path/Frameworks";
				OTHER_LDFLAGS = (
					"$(inherited)",
					"-ObjC",
					"-lc++",
				);
				PRODUCT_NAME = Missiles;
				VERSIONING_SYSTEM = "apple-generic";
			};
			name = Release;
		};
		83CBBA201A601CBA00E9B192 /* Debug */ = {
			isa = XCBuildConfiguration;
			buildSettings = {
				ALWAYS_SEARCH_USER_PATHS = NO;
				CLANG_CXX_LANGUAGE_STANDARD = "gnu++0x";
				CLANG_CXX_LIBRARY = "libc++";
				CLANG_ENABLE_MODULES = YES;
				CLANG_ENABLE_OBJC_ARC = YES;
				CLANG_WARN_BOOL_CONVERSION = YES;
				CLANG_WARN_CONSTANT_CONVERSION = YES;
				CLANG_WARN_DIRECT_OBJC_ISA_USAGE = YES_ERROR;
				CLANG_WARN_EMPTY_BODY = YES;
				CLANG_WARN_ENUM_CONVERSION = YES;
				CLANG_WARN_INT_CONVERSION = YES;
				CLANG_WARN_OBJC_ROOT_CLASS = YES_ERROR;
				CLANG_WARN_UNREACHABLE_CODE = YES;
				CLANG_WARN__DUPLICATE_METHOD_MATCH = YES;
				"CODE_SIGN_IDENTITY[sdk=iphoneos*]" = "iPhone Developer";
				COPY_PHASE_STRIP = NO;
				ENABLE_STRICT_OBJC_MSGSEND = YES;
				GCC_C_LANGUAGE_STANDARD = gnu99;
				GCC_DYNAMIC_NO_PIC = NO;
				GCC_OPTIMIZATION_LEVEL = 0;
				GCC_PREPROCESSOR_DEFINITIONS = (
					"DEBUG=1",
					"$(inherited)",
				);
				GCC_SYMBOLS_PRIVATE_EXTERN = NO;
				GCC_WARN_64_TO_32_BIT_CONVERSION = YES;
				GCC_WARN_ABOUT_RETURN_TYPE = YES_ERROR;
				GCC_WARN_UNDECLARED_SELECTOR = YES;
				GCC_WARN_UNINITIALIZED_AUTOS = YES_AGGRESSIVE;
				GCC_WARN_UNUSED_FUNCTION = YES;
				GCC_WARN_UNUSED_VARIABLE = YES;
				HEADER_SEARCH_PATHS = (
					"$(inherited)",
					/Applications/Xcode.app/Contents/Developer/Toolchains/XcodeDefault.xctoolchain/usr/include,
					"$(SRCROOT)/../node_modules/react-native/React/**",
					"$(SRCROOT)/../node_modules/react-native-fcm/ios",
					"$(SRCROOT)/../node_modules/react-native-permissions/**",
					"$(SRCROOT)/../node_modules/react-native-maps/ios/**",
				);
				IPHONEOS_DEPLOYMENT_TARGET = 8.0;
				MTL_ENABLE_DEBUG_INFO = YES;
				ONLY_ACTIVE_ARCH = YES;
				SDKROOT = iphoneos;
			};
			name = Debug;
		};
		83CBBA211A601CBA00E9B192 /* Release */ = {
			isa = XCBuildConfiguration;
			buildSettings = {
				ALWAYS_SEARCH_USER_PATHS = NO;
				CLANG_CXX_LANGUAGE_STANDARD = "gnu++0x";
				CLANG_CXX_LIBRARY = "libc++";
				CLANG_ENABLE_MODULES = YES;
				CLANG_ENABLE_OBJC_ARC = YES;
				CLANG_WARN_BOOL_CONVERSION = YES;
				CLANG_WARN_CONSTANT_CONVERSION = YES;
				CLANG_WARN_DIRECT_OBJC_ISA_USAGE = YES_ERROR;
				CLANG_WARN_EMPTY_BODY = YES;
				CLANG_WARN_ENUM_CONVERSION = YES;
				CLANG_WARN_INT_CONVERSION = YES;
				CLANG_WARN_OBJC_ROOT_CLASS = YES_ERROR;
				CLANG_WARN_UNREACHABLE_CODE = YES;
				CLANG_WARN__DUPLICATE_METHOD_MATCH = YES;
				"CODE_SIGN_IDENTITY[sdk=iphoneos*]" = "iPhone Developer";
				COPY_PHASE_STRIP = YES;
				ENABLE_NS_ASSERTIONS = NO;
				ENABLE_STRICT_OBJC_MSGSEND = YES;
				GCC_C_LANGUAGE_STANDARD = gnu99;
				GCC_WARN_64_TO_32_BIT_CONVERSION = YES;
				GCC_WARN_ABOUT_RETURN_TYPE = YES_ERROR;
				GCC_WARN_UNDECLARED_SELECTOR = YES;
				GCC_WARN_UNINITIALIZED_AUTOS = YES_AGGRESSIVE;
				GCC_WARN_UNUSED_FUNCTION = YES;
				GCC_WARN_UNUSED_VARIABLE = YES;
				HEADER_SEARCH_PATHS = (
					"$(inherited)",
					/Applications/Xcode.app/Contents/Developer/Toolchains/XcodeDefault.xctoolchain/usr/include,
					"$(SRCROOT)/../node_modules/react-native/React/**",
					"$(SRCROOT)/../node_modules/react-native-fcm/ios",
					"$(SRCROOT)/../node_modules/react-native-permissions/**",
					"$(SRCROOT)/../node_modules/react-native-maps/ios/**",
				);
				IPHONEOS_DEPLOYMENT_TARGET = 8.0;
				MTL_ENABLE_DEBUG_INFO = NO;
				SDKROOT = iphoneos;
				VALIDATE_PRODUCT = YES;
			};
			name = Release;
		};
/* End XCBuildConfiguration section */

/* Begin XCConfigurationList section */
		00E357021AD99517003FC87E /* Build configuration list for PBXNativeTarget "MissilesTests" */ = {
			isa = XCConfigurationList;
			buildConfigurations = (
				00E356F61AD99517003FC87E /* Debug */,
				00E356F71AD99517003FC87E /* Release */,
			);
			defaultConfigurationIsVisible = 0;
			defaultConfigurationName = Release;
		};
		13B07F931A680F5B00A75B9A /* Build configuration list for PBXNativeTarget "Missiles" */ = {
			isa = XCConfigurationList;
			buildConfigurations = (
				13B07F941A680F5B00A75B9A /* Debug */,
				13B07F951A680F5B00A75B9A /* Release */,
			);
			defaultConfigurationIsVisible = 0;
			defaultConfigurationName = Release;
		};
		83CBB9FA1A601CBA00E9B192 /* Build configuration list for PBXProject "Missiles" */ = {
			isa = XCConfigurationList;
			buildConfigurations = (
				83CBBA201A601CBA00E9B192 /* Debug */,
				83CBBA211A601CBA00E9B192 /* Release */,
			);
			defaultConfigurationIsVisible = 0;
			defaultConfigurationName = Release;
		};
/* End XCConfigurationList section */
	};
	rootObject = 83CBB9F71A601CBA00E9B192 /* Project object */;
}
